
Microsoft Visual Studio Solution File, Format Version 12.00
# Visual Studio Version 17
VisualStudioVersion = 17.6.33801.468
MinimumVisualStudioVersion = 10.0.40219.1
Project("{54A90642-561A-4BB1-A94E-469ADEE60C69}") = "reactapp", "reactapp\reactapp.esproj", "{50E7986E-5542-470A-9392-7DD089534D6E}"
EndProject
Project("{9A19103F-16F7-4668-BE54-9A1E7A4F7556}") = "webapi", "webapi\webapi.csproj", "{AC2C84DB-C446-4674-88B7-12CF7C3913BF}"
EndProject
Global
	GlobalSection(SolutionConfigurationPlatforms) = preSolution
		Debug|Any CPU = Debug|Any CPU
		Release|Any CPU = Release|Any CPU
	EndGlobalSection
	GlobalSection(ProjectConfigurationPlatforms) = postSolution
		{50E7986E-5542-470A-9392-7DD089534D6E}.Debug|Any CPU.ActiveCfg = Debug|Any CPU
		{50E7986E-5542-470A-9392-7DD089534D6E}.Debug|Any CPU.Build.0 = Debug|Any CPU
		{50E7986E-5542-470A-9392-7DD089534D6E}.Debug|Any CPU.Deploy.0 = Debug|Any CPU
		{50E7986E-5542-470A-9392-7DD089534D6E}.Release|Any CPU.ActiveCfg = Release|Any CPU
		{50E7986E-5542-470A-9392-7DD089534D6E}.Release|Any CPU.Build.0 = Release|Any CPU
		{50E7986E-5542-470A-9392-7DD089534D6E}.Release|Any CPU.Deploy.0 = Release|Any CPU
		{AC2C84DB-C446-4674-88B7-12CF7C3913BF}.Debug|Any CPU.ActiveCfg = Debug|Any CPU
		{AC2C84DB-C446-4674-88B7-12CF7C3913BF}.Debug|Any CPU.Build.0 = Debug|Any CPU
		{AC2C84DB-C446-4674-88B7-12CF7C3913BF}.Release|Any CPU.ActiveCfg = Release|Any CPU
		{AC2C84DB-C446-4674-88B7-12CF7C3913BF}.Release|Any CPU.Build.0 = Release|Any CPU
	EndGlobalSection
	GlobalSection(SolutionProperties) = preSolution
		HideSolutionNode = FALSE
	EndGlobalSection
	GlobalSection(ExtensibilityGlobals) = postSolution
		SolutionGuid = {90BF8DEF-665D-4E0D-81FF-B287BCEC5843}
	EndGlobalSection
EndGlobal
